
Microsoft Visual Studio Solution File, Format Version 12.00
# Visual Studio Version 16
VisualStudioVersion = 16.0.32428.217
MinimumVisualStudioVersion = 10.0.40219.1
Project("{9A19103F-16F7-4668-BE54-9A1E7A4F7556}") = "academic_tracker_app_csharp", "academic_tracker_app_csharp\academic_tracker_app_csharp.csproj", "{B2BF0616-070C-4968-A325-3E8E45BD582F}"
EndProject
Project("{2150E333-8FDC-42A3-9474-1A3956D46DE8}") = "Solution Items", "Solution Items", "{57014B30-578E-48EF-9729-EF6339027CDF}"
	ProjectSection(SolutionItems) = preProject
		.editorconfig = .editorconfig
	EndProjectSection
EndProject
Global
	GlobalSection(SolutionConfigurationPlatforms) = preSolution
		Debug|Any CPU = Debug|Any CPU
		Release|Any CPU = Release|Any CPU
	EndGlobalSection
	GlobalSection(ProjectConfigurationPlatforms) = postSolution
		{B2BF0616-070C-4968-A325-3E8E45BD582F}.Debug|Any CPU.ActiveCfg = Debug|Any CPU
		{B2BF0616-070C-4968-A325-3E8E45BD582F}.Debug|Any CPU.Build.0 = Debug|Any CPU
		{B2BF0616-070C-4968-A325-3E8E45BD582F}.Release|Any CPU.ActiveCfg = Release|Any CPU
		{B2BF0616-070C-4968-A325-3E8E45BD582F}.Release|Any CPU.Build.0 = Release|Any CPU
	EndGlobalSection
	GlobalSection(SolutionProperties) = preSolution
		HideSolutionNode = FALSE
	EndGlobalSection
	GlobalSection(ExtensibilityGlobals) = postSolution
		SolutionGuid = {7FD41133-F22C-40E9-83B5-E1F66E58FA82}
	EndGlobalSection
EndGlobal
